
Microsoft Visual Studio Solution File, Format Version 12.00
# Visual Studio Version 16
VisualStudioVersion = 16.0.31515.178
MinimumVisualStudioVersion = 10.0.40219.1
Project("{FAE04EC0-301F-11D3-BF4B-00C04F79EFBC}") = "Examen5", "Examen5.csproj", "{367222C9-E4D1-43BE-8319-9D1C7540218E}"
EndProject
Global
	GlobalSection(SolutionConfigurationPlatforms) = preSolution
		Debug|Any CPU = Debug|Any CPU
		Release|Any CPU = Release|Any CPU
	EndGlobalSection
	GlobalSection(ProjectConfigurationPlatforms) = postSolution
		{367222C9-E4D1-43BE-8319-9D1C7540218E}.Debug|Any CPU.ActiveCfg = Debug|Any CPU
		{367222C9-E4D1-43BE-8319-9D1C7540218E}.Debug|Any CPU.Build.0 = Debug|Any CPU
		{367222C9-E4D1-43BE-8319-9D1C7540218E}.Release|Any CPU.ActiveCfg = Release|Any CPU
		{367222C9-E4D1-43BE-8319-9D1C7540218E}.Release|Any CPU.Build.0 = Release|Any CPU
	EndGlobalSection
	GlobalSection(SolutionProperties) = preSolution
		HideSolutionNode = FALSE
	EndGlobalSection
	GlobalSection(ExtensibilityGlobals) = postSolution
		SolutionGuid = {0E71CD53-3747-4BC1-95DF-D50EBCEE5CF8}
	EndGlobalSection
EndGlobal
